
Microsoft Visual Studio Solution File, Format Version 12.00
# Visual Studio Version 17
VisualStudioVersion = 17.8.34525.116
MinimumVisualStudioVersion = 10.0.40219.1
Project("{FAE04EC0-301F-11D3-BF4B-00C04F79EFBC}") = "Api", "Api.csproj", "{24087EB8-C315-4207-9C2D-0418D706CAB0}"
EndProject
Global
	GlobalSection(SolutionConfigurationPlatforms) = preSolution
		Debug|Any CPU = Debug|Any CPU
		Release|Any CPU = Release|Any CPU
	EndGlobalSection
	GlobalSection(ProjectConfigurationPlatforms) = postSolution
		{24087EB8-C315-4207-9C2D-0418D706CAB0}.Debug|Any CPU.ActiveCfg = Debug|Any CPU
		{24087EB8-C315-4207-9C2D-0418D706CAB0}.Debug|Any CPU.Build.0 = Debug|Any CPU
		{24087EB8-C315-4207-9C2D-0418D706CAB0}.Release|Any CPU.ActiveCfg = Release|Any CPU
		{24087EB8-C315-4207-9C2D-0418D706CAB0}.Release|Any CPU.Build.0 = Release|Any CPU
	EndGlobalSection
	GlobalSection(SolutionProperties) = preSolution
		HideSolutionNode = FALSE
	EndGlobalSection
	GlobalSection(ExtensibilityGlobals) = postSolution
		SolutionGuid = {69F6848E-9A81-4EB1-A2BB-B23F6A8D0750}
	EndGlobalSection
EndGlobal
